prepare_dataset:
  cmd: python repro/repro.py
  deps:
  - path: raw_datasets/20201005_H_2_anomaly.zip
    md5: 5689fb03c4c2a1fe0014e108e0bec4a0
  - path: repro/check_format.py
    md5: 1aacb28b3dee0991633b1d91fa83d77e
  - path: repro/create_info_csv.py
    md5: 27d653b2cd14d97daa20fe70e8d3cda5
  - path: repro/create_mask.py
    md5: 562ee727827f4f530ce260403a68bd55
  - path: repro/crop_tobu_and_ziku.py
    md5: df98069c18ed6e975bb6a488bc6d4876
  - path: repro/merge.py
    md5: 6d99f7af228d2a4bf7b4537b1eff860d
  - path: repro/rename.py
    md5: 78843a49733afaac00c46cdc967eba79
  - path: repro/repro.py
    md5: 3ed7e30c072783735308e2585cceb650
  - path: repro/unzip.py
    md5: 2e0956fa555a23f0dc748b905653c786
  outs:
  - path: dataset/color_images
    md5: f651551400b88ef5a5b71fc2d2a537cd.dir
  - path: dataset/gray_images
    md5: 9a8c63a223f2b2869746d2713d0eafb1.dir
  - path: dataset/info.csv
    md5: cdce99131c77c4bb1d9aa4f5285e9ecb
  - path: dataset/masks
    md5: c921122a3c295e02bbea3586cf98d2ab.dir
