dataset_creator:
  cmd: python3 /app/DVC/repro/dataset_creator/dataset_creator.py
  deps:
  - path: ../raw_datasets
    md5: 93c4072f7d3efd2e0675891d0e6ea8f0.dir
  - path: dataset_creator/create_info_csv.py
    md5: 4fbc5166400d4d4e5f63570ee439237a
  - path: dataset_creator/create_mask.py
    md5: 996028e47ee2672a1068b24cf8dbf6a2
  - path: dataset_creator/dataset_creator.py
    md5: fc3e1ce0d74f2c1fbc67689f016107dc
  - path: dataset_creator/extract_zip.py
    md5: 092bd5575fcab9432b605d140ef0386d
  - path: dataset_creator/merge_raw_dataset.py
    md5: 670ddd73e1d7de567ecdaa7218039df6
  - path: dataset_creator/rename_files.py
    md5: 850b9febb5f8598ce2c19d585c2db82a
  outs:
  - path: ../dataset/images
    md5: 5d802e4f1cfd730679b284462caea468.dir
  - path: ../dataset/info.csv
    md5: 516f76d61888262c12642b6d394d3911
  - path: ../dataset/masks
    md5: d5bdaef92314068987c3d64975194670.dir
