dataset_creator:
  cmd: python3 /app/github_actions/DVC/repro/dataset_creator/dataset_creator.py
  deps:
  - path: ../raw_dataset/202008131442_H.zip
    md5: e61475fc05b7d049658dde0e8f893784
  - path: dataset_creator/create_dataset_directory.py
    md5: b428ad9206bf5e0f548d878e63ce3952
  - path: dataset_creator/create_info_csv.py
    md5: b64892a0deaf38e1c49f9bde8f3457fe
  - path: dataset_creator/create_mask.py
    md5: 75b0d71598b6f5d7feac82091cfb8466
  - path: dataset_creator/dataset_creator.py
    md5: c563537deee80c3b5a09f0c0ee908977
  - path: dataset_creator/extract_zip.py
    md5: db10745d1a92cf1d447852f3e36097a8
  - path: dataset_creator/rename_files.py
    md5: 9bdaf182cfbb3f19345ea1fa4a373a81
  outs:
  - path: ../dataset/images
    md5: 86af0337143644b4c1f6f24fadae2e62.dir
  - path: ../dataset/info.csv
    md5: 9598f717cc0d0da65cbb0fa5df9ef89e
  - path: ../dataset/masks
    md5: cd255daeb02392dceea0b5baff8cdcca.dir
